
Microsoft Visual Studio Solution File, Format Version 12.00
# Visual Studio Version 16
VisualStudioVersion = 16.0.31624.102
MinimumVisualStudioVersion = 10.0.40219.1
Project("{FAE04EC0-301F-11D3-BF4B-00C04F79EFBC}") = "CoffeeShop", "CoffeeShop.csproj", "{2CE1FDA9-33D0-425D-B174-F44D5E1BF2F6}"
EndProject
Global
	GlobalSection(SolutionConfigurationPlatforms) = preSolution
		Debug|Any CPU = Debug|Any CPU
		Release|Any CPU = Release|Any CPU
	EndGlobalSection
	GlobalSection(ProjectConfigurationPlatforms) = postSolution
		{2CE1FDA9-33D0-425D-B174-F44D5E1BF2F6}.Debug|Any CPU.ActiveCfg = Debug|Any CPU
		{2CE1FDA9-33D0-425D-B174-F44D5E1BF2F6}.Debug|Any CPU.Build.0 = Debug|Any CPU
		{2CE1FDA9-33D0-425D-B174-F44D5E1BF2F6}.Release|Any CPU.ActiveCfg = Release|Any CPU
		{2CE1FDA9-33D0-425D-B174-F44D5E1BF2F6}.Release|Any CPU.Build.0 = Release|Any CPU
	EndGlobalSection
	GlobalSection(SolutionProperties) = preSolution
		HideSolutionNode = FALSE
	EndGlobalSection
	GlobalSection(ExtensibilityGlobals) = postSolution
		SolutionGuid = {AC15C7EC-3097-40D1-87D5-D779329005DE}
	EndGlobalSection
EndGlobal
